{
  "name": "nerd-wp",
  "version": "1.2.1",
  "lockfileVersion": 1,
  "requires": true,
  "dependencies": {
    "@babel/runtime": {
      "version": "7.4.2",
      "resolved": "https://registry.npmjs.org/@babel/runtime/-/runtime-7.4.2.tgz",
      "integrity": "sha512-7Bl2rALb7HpvXFL7TETNzKSAeBVCPHELzc0C//9FCxN8nsiueWSJBqaF+2oIJScyILStASR/Cx5WMkXGYTiJFA==",
      "requires": {
        "regenerator-runtime": "0.13.2"
      }
    },
    "@wordpress/compose": {
      "version": "3.2.0",
      "resolved": "https://registry.npmjs.org/@wordpress/compose/-/compose-3.2.0.tgz",
      "integrity": "sha512-bwDSMABvTi3AXqsNNi29h3T4nCtiwuBm4XO4svp6nRTFnVgxrfZXjqHrnuv0qimg1UP35WSXKO6hrO/QqTkW8g==",
      "requires": {
        "@babel/runtime": "7.4.2",
        "@wordpress/element": "2.3.0",
        "@wordpress/is-shallow-equal": "1.2.0",
        "lodash": "4.17.11"
      }
    },
    "@wordpress/element": {
      "version": "2.3.0",
      "resolved": "https://registry.npmjs.org/@wordpress/element/-/element-2.3.0.tgz",
      "integrity": "sha512-L/s1n6pqVUlo09uMdhnlarW7ZzTWlvKo6zQzoxZSLEMne/6Hr3sw2DbxE2AuijcJv/n9VzmV7/MNBQMEIPL7OA==",
      "requires": {
        "@babel/runtime": "7.4.2",
        "@wordpress/escape-html": "1.2.0",
        "lodash": "4.17.11",
        "react": "16.8.5",
        "react-dom": "16.8.5"
      }
    },
    "@wordpress/escape-html": {
      "version": "1.2.0",
      "resolved": "https://registry.npmjs.org/@wordpress/escape-html/-/escape-html-1.2.0.tgz",
      "integrity": "sha512-IILebUBTFADag62cwxYcLFYoKeHRpDZiKwwhabiWd2sGoSdci1cqLxmLbE8iMcMQru7ALptQgQmhZcuX87DEwg==",
      "requires": {
        "@babel/runtime": "7.4.2"
      }
    },
    "@wordpress/hooks": {
      "version": "2.2.0",
      "resolved": "https://registry.npmjs.org/@wordpress/hooks/-/hooks-2.2.0.tgz",
      "integrity": "sha512-pzLDgcQOPCU4xSN0yuGoPd9xeNW2MnB2o7O52qaFZ2DSmf9tN+OkPDg7lKsg7SEds0J7GngBS8tu+a4Lqywy/w==",
      "requires": {
        "@babel/runtime": "7.4.2"
      }
    },
    "@wordpress/is-shallow-equal": {
      "version": "1.2.0",
      "resolved": "https://registry.npmjs.org/@wordpress/is-shallow-equal/-/is-shallow-equal-1.2.0.tgz",
      "integrity": "sha512-WLB1sEz0xjtzJnorJTSuEpaYjo0E9zir0lJGwRjhYHlTjzngTakFPlifcvPVm7saA9KR9/t82jxOENAIWFzftQ==",
      "requires": {
        "@babel/runtime": "7.4.2"
      }
    },
    "@wordpress/plugins": {
      "version": "2.2.0",
      "resolved": "https://registry.npmjs.org/@wordpress/plugins/-/plugins-2.2.0.tgz",
      "integrity": "sha512-XubGkWMjeSmex4evhZ/hwEsdapi9n4rOc8TWYfPK97KfIDaloKhN8O5Em87sApGhGMIyA29fuHbmLepeV+phnQ==",
      "requires": {
        "@babel/runtime": "7.4.2",
        "@wordpress/compose": "3.2.0",
        "@wordpress/element": "2.3.0",
        "@wordpress/hooks": "2.2.0",
        "lodash": "4.17.11"
      }
    },
    "js-tokens": {
      "version": "4.0.0",
      "resolved": "https://registry.npmjs.org/js-tokens/-/js-tokens-4.0.0.tgz",
      "integrity": "sha512-RdJUflcE3cUzKiMqQgsCu06FPu9UdIJO0beYbPhHN4k6apgJtifcoCtT9bcxOpYBtpD2kCM6Sbzg4CausW/PKQ=="
    },
    "lodash": {
      "version": "4.17.11",
      "resolved": "https://registry.npmjs.org/lodash/-/lodash-4.17.11.tgz",
      "integrity": "sha512-cQKh8igo5QUhZ7lg38DYWAxMvjSAKG0A8wGSVimP07SIUEK2UO+arSRKbRZWtelMtN5V0Hkwh5ryOto/SshYIg=="
    },
    "loose-envify": {
      "version": "1.4.0",
      "resolved": "https://registry.npmjs.org/loose-envify/-/loose-envify-1.4.0.tgz",
      "integrity": "sha512-lyuxPGr/Wfhrlem2CL/UcnUc1zcqKAImBDzukY7Y5F/yQiNdko6+fRLevlw1HgMySw7f611UIY408EtxRSoK3Q==",
      "requires": {
        "js-tokens": "4.0.0"
      }
    },
    "object-assign": {
      "version": "4.1.1",
      "resolved": "https://registry.npmjs.org/object-assign/-/object-assign-4.1.1.tgz",
      "integrity": "sha1-IQmtx5ZYh8/AXLvUQsrIv7s2CGM="
    },
    "prop-types": {
      "version": "15.7.2",
      "resolved": "https://registry.npmjs.org/prop-types/-/prop-types-15.7.2.tgz",
      "integrity": "sha512-8QQikdH7//R2vurIJSutZ1smHYTcLpRWEOlHnzcWHmBYrOGUysKwSsrC89BCiFj3CbrfJ/nXFdJepOVrY1GCHQ==",
      "requires": {
        "loose-envify": "1.4.0",
        "object-assign": "4.1.1",
        "react-is": "16.8.5"
      }
    },
    "react": {
      "version": "16.8.5",
      "resolved": "https://registry.npmjs.org/react/-/react-16.8.5.tgz",
      "integrity": "sha512-daCb9TD6FZGvJ3sg8da1tRAtIuw29PbKZW++NN4wqkbEvxL+bZpaaYb4xuftW/SpXmgacf1skXl/ddX6CdOlDw==",
      "requires": {
        "loose-envify": "1.4.0",
        "object-assign": "4.1.1",
        "prop-types": "15.7.2",
        "scheduler": "0.13.5"
      }
    },
    "react-dom": {
      "version": "16.8.5",
      "resolved": "https://registry.npmjs.org/react-dom/-/react-dom-16.8.5.tgz",
      "integrity": "sha512-VIEIvZLpFafsfu4kgmftP5L8j7P1f0YThfVTrANMhZUFMDOsA6e0kfR6wxw/8xxKs4NB59TZYbxNdPCDW34x4w==",
      "requires": {
        "loose-envify": "1.4.0",
        "object-assign": "4.1.1",
        "prop-types": "15.7.2",
        "scheduler": "0.13.5"
      }
    },
    "react-is": {
      "version": "16.8.5",
      "resolved": "https://registry.npmjs.org/react-is/-/react-is-16.8.5.tgz",
      "integrity": "sha512-sudt2uq5P/2TznPV4Wtdi+Lnq3yaYW8LfvPKLM9BKD8jJNBkxMVyB0C9/GmVhLw7Jbdmndk/73n7XQGeN9A3QQ=="
    },
    "regenerator-runtime": {
      "version": "0.13.2",
      "resolved": "https://registry.npmjs.org/regenerator-runtime/-/regenerator-runtime-0.13.2.tgz",
      "integrity": "sha512-S/TQAZJO+D3m9xeN1WTI8dLKBBiRgXBlTJvbWjCThHWZj9EvHK70Ff50/tYj2J/fvBY6JtFVwRuazHN2E7M9BA=="
    },
    "scheduler": {
      "version": "0.13.5",
      "resolved": "https://registry.npmjs.org/scheduler/-/scheduler-0.13.5.tgz",
      "integrity": "sha512-K98vjkQX9OIt/riLhp6F+XtDPtMQhqNcf045vsh+pcuvHq+PHy1xCrH3pq1P40m6yR46lpVvVhKdEOtnimuUJw==",
      "requires": {
        "loose-envify": "1.4.0",
        "object-assign": "4.1.1"
      }
    }
  }
}
